PODS:
  - FlutterMacOS (1.0.0)
  - mobile_scanner (6.0.2):
    - FlutterMacOS
  - rust_lib_gosling (0.0.1):
    - FlutterMacOS

DEPENDENCIES:
  - FlutterMacOS (from `Flutter/ephemeral`)
  - mobile_scanner (from `Flutter/ephemeral/.symlinks/plugins/mobile_scanner/macos`)
  - rust_lib_gosling (from `Flutter/ephemeral/.symlinks/plugins/rust_lib_gosling/macos`)

EXTERNAL SOURCES:
  FlutterMacOS:
    :path: Flutter/ephemeral
  mobile_scanner:
    :path: Flutter/ephemeral/.symlinks/plugins/mobile_scanner/macos
  rust_lib_gosling:
    :path: Flutter/ephemeral/.symlinks/plugins/rust_lib_gosling/macos

SPEC CHECKSUMS:
  FlutterMacOS: 8f6f14fa908a6fb3fba0cd85dbd81ec4b251fb24
  mobile_scanner: 0e365ed56cad24f28c0fd858ca04edefb40dfac3
  rust_lib_gosling: 2733e7feab315551ab06e37df9af6812284bef97

PODFILE CHECKSUM: 236401fc2c932af29a9fcf0e97baeeb2d750d367

COCOAPODS: 1.16.2
